// !$*UTF8*$!
{
	archiveVersion = 1;
	classes = {
	};
	objectVersion = 46;
	objects = {

/* Begin PBXBuildFile section */
		0460E3371D23C46600F9AD98 /* main.m in Sources */ = {isa = PBXBuildFile; fileRef = 0460E3361D23C46600F9AD98 /* main.m */; };
		0460E33A1D23C46600F9AD98 /* AppDelegate.m in Sources */ = {isa = PBXBuildFile; fileRef = 0460E3391D23C46600F9AD98 /* AppDelegate.m */; };
		0460E33D1D23C46600F9AD98 /* ViewController.m in Sources */ = {isa = PBXBuildFile; fileRef = 0460E33C1D23C46600F9AD98 /* ViewController.m */; };
		0460E3401D23C46600F9AD98 /* Main.storyboard in Resources */ = {isa = PBXBuildFile; fileRef = 0460E33E1D23C46600F9AD98 /* Main.storyboard */; };
		0460E3421D23C46600F9AD98 /* Assets.xcassets in Resources */ = {isa = PBXBuildFile; fileRef = 0460E3411D23C46600F9AD98 /* Assets.xcassets */; };
		0460E3451D23C46600F9AD98 /* LaunchScreen.storyboard in Resources */ = {isa = PBXBuildFile; fileRef = 0460E3431D23C46600F9AD98 /* LaunchScreen.storyboard */; };
		0460E3501D23C46600F9AD98 /* ___Tests.m in Sources */ = {isa = PBXBuildFile; fileRef = 0460E34F1D23C46600F9AD98 /* ___Tests.m */; };
		0460E35B1D23C46600F9AD98 /* ___UITests.m in Sources */ = {isa = PBXBuildFile; fileRef = 0460E35A1D23C46600F9AD98 /* ___UITests.m */; };
/* End PBXBuildFile section */

/* Begin PBXContainerItemProxy section */
		0460E34C1D23C46600F9AD98 /* PBXContainerItemProxy */ = {
			isa = PBXContainerItemProxy;
			containerPortal = 0460E32A1D23C46600F9AD98 /* Project object */;
			proxyType = 1;
			remoteGlobalIDString = 0460E3311D23C46600F9AD98;
			remoteInfo = "何末之";
		};
		0460E3571D23C46600F9AD98 /* PBXContainerItemProxy */ = {
			isa = PBXContainerItemProxy;
			containerPortal = 0460E32A1D23C46600F9AD98 /* Project object */;
			proxyType = 1;
			remoteGlobalIDString = 0460E3311D23C46600F9AD98;
			remoteInfo = "何末之";
		};
/* End PBXContainerItemProxy section */

/* Begin PBXFileReference section */
		0460E3321D23C46600F9AD98 /* 何末之.app */ = {isa = PBXFileReference; explicitFileType = wrapper.application; includeInIndex = 0; path = "何末之.app"; sourceTree = BUILT_PRODUCTS_DIR; };
		0460E3361D23C46600F9AD98 /* main.m */ = {isa = PBXFileReference; lastKnownFileType = sourcecode.c.objc; path = main.m; sourceTree = "<group>"; };
		0460E3381D23C46600F9AD98 /* AppDelegate.h */ = {isa = PBXFileReference; lastKnownFileType = sourcecode.c.h; path = AppDelegate.h; sourceTree = "<group>"; };
		0460E3391D23C46600F9AD98 /* AppDelegate.m */ = {isa = PBXFileReference; lastKnownFileType = sourcecode.c.objc; path = AppDelegate.m; sourceTree = "<group>"; };
		0460E33B1D23C46600F9AD98 /* ViewController.h */ = {isa = PBXFileReference; lastKnownFileType = sourcecode.c.h; path = ViewController.h; sourceTree = "<group>"; };
		0460E33C1D23C46600F9AD98 /* ViewController.m */ = {isa = PBXFileReference; lastKnownFileType = sourcecode.c.objc; path = ViewController.m; sourceTree = "<group>"; };
		0460E33F1D23C46600F9AD98 /* Base */ = {isa = PBXFileReference; lastKnownFileType = file.storyboard; name = Base; path = Base.lproj/Main.storyboard; sourceTree = "<group>"; };
		0460E3411D23C46600F9AD98 /* Assets.xcassets */ = {isa = PBXFileReference; lastKnownFileType = folder.assetcatalog; path = Assets.xcassets; sourceTree = "<group>"; };
		0460E3441D23C46600F9AD98 /* Base */ = {isa = PBXFileReference; lastKnownFileType = file.storyboard; name = Base; path = Base.lproj/LaunchScreen.storyboard; sourceTree = "<group>"; };
		0460E3461D23C46600F9AD98 /* Info.plist */ = {isa = PBXFileReference; lastKnownFileType = text.plist.xml; path = Info.plist; sourceTree = "<group>"; };
		0460E34B1D23C46600F9AD98 /* 何末之Tests.xctest */ = {isa = PBXFileReference; explicitFileType = wrapper.cfbundle; includeInIndex = 0; path = "何末之Tests.xctest"; sourceTree = BUILT_PRODUCTS_DIR; };
		0460E34F1D23C46600F9AD98 /* ___Tests.m */ = {isa = PBXFileReference; lastKnownFileType = sourcecode.c.objc; path = "___Tests.m"; sourceTree = "<group>"; };
		0460E3511D23C46600F9AD98 /* Info.plist */ = {isa = PBXFileReference; lastKnownFileType = text.plist.xml; path = Info.plist; sourceTree = "<group>"; };
		0460E3561D23C46600F9AD98 /* 何末之UITests.xctest */ = {isa = PBXFileReference; explicitFileType = wrapper.cfbundle; includeInIndex = 0; path = "何末之UITests.xctest"; sourceTree = BUILT_PRODUCTS_DIR; };
		0460E35A1D23C46600F9AD98 /* ___UITests.m */ = {isa = PBXFileReference; lastKnownFileType = sourcecode.c.objc; path = "___UITests.m"; sourceTree = "<group>"; };
		0460E35C1D23C46600F9AD98 /* Info.plist */ = {isa = PBXFileReference; lastKnownFileType = text.plist.xml; path = Info.plist; sourceTree = "<group>"; };
/* End PBXFileReference section */

/* Begin PBXFrameworksBuildPhase section */
		0460E32F1D23C46600F9AD98 /* Frameworks */ = {
			isa = PBXFrameworksBuildPhase;
			buildActionMask = 2147483647;
			files = (
			);
			runOnlyForDeploymentPostprocessing = 0;
		};
		0460E3481D23C46600F9AD98 /* Frameworks */ = {
			isa = PBXFrameworksBuildPhase;
			buildActionMask = 2147483647;
			files = (
			);
			runOnlyForDeploymentPostprocessing = 0;
		};
		0460E3531D23C46600F9AD98 /* Frameworks */ = {
			isa = PBXFrameworksBuildPhase;
			buildActionMask = 2147483647;
			files = (
			);
			runOnlyForDeploymentPostprocessing = 0;
		};
/* End PBXFrameworksBuildPhase section */

/* Begin PBXGroup section */
		0460E3291D23C46600F9AD98 = {
			isa = PBXGroup;
			children = (
				0460E3341D23C46600F9AD98 /* 何末之 */,
				0460E34E1D23C46600F9AD98 /* 何末之Tests */,
				0460E3591D23C46600F9AD98 /* 何末之UITests */,
				0460E3331D23C46600F9AD98 /* Products */,
			);
			sourceTree = "<group>";
		};
		0460E3331D23C46600F9AD98 /* Products */ = {
			isa = PBXGroup;
			children = (
				0460E3321D23C46600F9AD98 /* 何末之.app */,
				0460E34B1D23C46600F9AD98 /* 何末之Tests.xctest */,
				0460E3561D23C46600F9AD98 /* 何末之UITests.xctest */,
			);
			name = Products;
			sourceTree = "<group>";
		};
		0460E3341D23C46600F9AD98 /* 何末之 */ = {
			isa = PBXGroup;
			children = (
				0460E3381D23C46600F9AD98 /* AppDelegate.h */,
				0460E3391D23C46600F9AD98 /* AppDelegate.m */,
				0460E33B1D23C46600F9AD98 /* ViewController.h */,
				0460E33C1D23C46600F9AD98 /* ViewController.m */,
				0460E33E1D23C46600F9AD98 /* Main.storyboard */,
				0460E3411D23C46600F9AD98 /* Assets.xcassets */,
				0460E3431D23C46600F9AD98 /* LaunchScreen.storyboard */,
				0460E3461D23C46600F9AD98 /* Info.plist */,
				0460E3351D23C46600F9AD98 /* Supporting Files */,
			);
			path = "何末之";
			sourceTree = "<group>";
		};
		0460E3351D23C46600F9AD98 /* Supporting Files */ = {
			isa = PBXGroup;
			children = (
				0460E3361D23C46600F9AD98 /* main.m */,
			);
			name = "Supporting Files";
			sourceTree = "<group>";
		};
		0460E34E1D23C46600F9AD98 /* 何末之Tests */ = {
			isa = PBXGroup;
			children = (
				0460E34F1D23C46600F9AD98 /* ___Tests.m */,
				0460E3511D23C46600F9AD98 /* Info.plist */,
			);
			path = "何末之Tests";
			sourceTree = "<group>";
		};
		0460E3591D23C46600F9AD98 /* 何末之UITests */ = {
			isa = PBXGroup;
			children = (
				0460E35A1D23C46600F9AD98 /* ___UITests.m */,
				0460E35C1D23C46600F9AD98 /* Info.plist */,
			);
			path = "何末之UITests";
			sourceTree = "<group>";
		};
/* End PBXGroup section */

/* Begin PBXNativeTarget section */
		0460E3311D23C46600F9AD98 /* 何末之 */ = {
			isa = PBXNativeTarget;
			buildConfigurationList = 0460E35F1D23C46600F9AD98 /* Build configuration list for PBXNativeTarget "何末之" */;
			buildPhases = (
				0460E32E1D23C46600F9AD98 /* Sources */,
				0460E32F1D23C46600F9AD98 /* Frameworks */,
				0460E3301D23C46600F9AD98 /* Resources */,
			);
			buildRules = (
			);
			dependencies = (
			);
			name = "何末之";
			productName = "何末之";
			productReference = 0460E3321D23C46600F9AD98 /* 何末之.app */;
			productType = "com.apple.product-type.application";
		};
		0460E34A1D23C46600F9AD98 /* 何末之Tests */ = {
			isa = PBXNativeTarget;
			buildConfigurationList = 0460E3621D23C46600F9AD98 /* Build configuration list for PBXNativeTarget "何末之Tests" */;
			buildPhases = (
				0460E3471D23C46600F9AD98 /* Sources */,
				0460E3481D23C46600F9AD98 /* Frameworks */,
				0460E3491D23C46600F9AD98 /* Resources */,
			);
			buildRules = (
			);
			dependencies = (
				0460E34D1D23C46600F9AD98 /* PBXTargetDependency */,
			);
			name = "何末之Tests";
			productName = "何末之Tests";
			productReference = 0460E34B1D23C46600F9AD98 /* 何末之Tests.xctest */;
			productType = "com.apple.product-type.bundle.unit-test";
		};
		0460E3551D23C46600F9AD98 /* 何末之UITests */ = {
			isa = PBXNativeTarget;
			buildConfigurationList = 0460E3651D23C46600F9AD98 /* Build configuration list for PBXNativeTarget "何末之UITests" */;
			buildPhases = (
				0460E3521D23C46600F9AD98 /* Sources */,
				0460E3531D23C46600F9AD98 /* Frameworks */,
				0460E3541D23C46600F9AD98 /* Resources */,
			);
			buildRules = (
			);
			dependencies = (
				0460E3581D23C46600F9AD98 /* PBXTargetDependency */,
			);
			name = "何末之UITests";
			productName = "何末之UITests";
			productReference = 0460E3561D23C46600F9AD98 /* 何末之UITests.xctest */;
			productType = "com.apple.product-type.bundle.ui-testing";
		};
/* End PBXNativeTarget section */

/* Begin PBXProject section */
		0460E32A1D23C46600F9AD98 /* Project object */ = {
			isa = PBXProject;
			attributes = {
				LastUpgradeCheck = 0730;
				ORGANIZATIONNAME = Mac;
				TargetAttributes = {
					0460E3311D23C46600F9AD98 = {
						CreatedOnToolsVersion = 7.3.1;
					};
					0460E34A1D23C46600F9AD98 = {
						CreatedOnToolsVersion = 7.3.1;
						TestTargetID = 0460E3311D23C46600F9AD98;
					};
					0460E3551D23C46600F9AD98 = {
						CreatedOnToolsVersion = 7.3.1;
						TestTargetID = 0460E3311D23C46600F9AD98;
					};
				};
			};
			buildConfigurationList = 0460E32D1D23C46600F9AD98 /* Build configuration list for PBXProject "何末之" */;
			compatibilityVersion = "Xcode 3.2";
			developmentRegion = English;
			hasScannedForEncodings = 0;
			knownRegions = (
				en,
				Base,
			);
			mainGroup = 0460E3291D23C46600F9AD98;
			productRefGroup = 0460E3331D23C46600F9AD98 /* Products */;
			projectDirPath = "";
			projectRoot = "";
			targets = (
				0460E3311D23C46600F9AD98 /* 何末之 */,
				0460E34A1D23C46600F9AD98 /* 何末之Tests */,
				0460E3551D23C46600F9AD98 /* 何末之UITests */,
			);
		};
/* End PBXProject section */

/* Begin PBXResourcesBuildPhase section */
		0460E3301D23C46600F9AD98 /* Resources */ = {
			isa = PBXResourcesBuildPhase;
			buildActionMask = 2147483647;
			files = (
				0460E3451D23C46600F9AD98 /* LaunchScreen.storyboard in Resources */,
				0460E3421D23C46600F9AD98 /* Assets.xcassets in Resources */,
				0460E3401D23C46600F9AD98 /* Main.storyboard in Resources */,
			);
			runOnlyForDeploymentPostprocessing = 0;
		};
		0460E3491D23C46600F9AD98 /* Resources */ = {
			isa = PBXResourcesBuildPhase;
			buildActionMask = 2147483647;
			files = (
			);
			runOnlyForDeploymentPostprocessing = 0;
		};
		0460E3541D23C46600F9AD98 /* Resources */ = {
			isa = PBXResourcesBuildPhase;
			buildActionMask = 2147483647;
			files = (
			);
			runOnlyForDeploymentPostprocessing = 0;
		};
/* End PBXResourcesBuildPhase section */

/* Begin PBXSourcesBuildPhase section */
		0460E32E1D23C46600F9AD98 /* Sources */ = {
			isa = PBXSourcesBuildPhase;
			buildActionMask = 2147483647;
			files = (
				0460E33D1D23C46600F9AD98 /* ViewController.m in Sources */,
				0460E33A1D23C46600F9AD98 /* AppDelegate.m in Sources */,
				0460E3371D23C46600F9AD98 /* main.m in Sources */,
			);
			runOnlyForDeploymentPostprocessing = 0;
		};
		0460E3471D23C46600F9AD98 /* Sources */ = {
			isa = PBXSourcesBuildPhase;
			buildActionMask = 2147483647;
			files = (
				0460E3501D23C46600F9AD98 /* ___Tests.m in Sources */,
			);
			runOnlyForDeploymentPostprocessing = 0;
		};
		0460E3521D23C46600F9AD98 /* Sources */ = {
			isa = PBXSourcesBuildPhase;
			buildActionMask = 2147483647;
			files = (
				0460E35B1D23C46600F9AD98 /* ___UITests.m in Sources */,
			);
			runOnlyForDeploymentPostprocessing = 0;
		};
/* End PBXSourcesBuildPhase section */

/* Begin PBXTargetDependency section */
		0460E34D1D23C46600F9AD98 /* PBXTargetDependency */ = {
			isa = PBXTargetDependency;
			target = 0460E3311D23C46600F9AD98 /* 何末之 */;
			targetProxy = 0460E34C1D23C46600F9AD98 /* PBXContainerItemProxy */;
		};
		0460E3581D23C46600F9AD98 /* PBXTargetDependency */ = {
			isa = PBXTargetDependency;
			target = 0460E3311D23C46600F9AD98 /* 何末之 */;
			targetProxy = 0460E3571D23C46600F9AD98 /* PBXContainerItemProxy */;
		};
/* End PBXTargetDependency section */

/* Begin PBXVariantGroup section */
		0460E33E1D23C46600F9AD98 /* Main.storyboard */ = {
			isa = PBXVariantGroup;
			children = (
				0460E33F1D23C46600F9AD98 /* Base */,
			);
			name = Main.storyboard;
			sourceTree = "<group>";
		};
		0460E3431D23C46600F9AD98 /* LaunchScreen.storyboard */ = {
			isa = PBXVariantGroup;
			children = (
				0460E3441D23C46600F9AD98 /* Base */,
			);
			name = LaunchScreen.storyboard;
			sourceTree = "<group>";
		};
/* End PBXVariantGroup section */

/* Begin XCBuildConfiguration section */
		0460E35D1D23C46600F9AD98 /* Debug */ = {
			isa = XCBuildConfiguration;
			buildSettings = {
				ALWAYS_SEARCH_USER_PATHS = NO;
				CLANG_ANALYZER_NONNULL = YES;
				CLANG_CXX_LANGUAGE_STANDARD = "gnu++0x";
				CLANG_CXX_LIBRARY = "libc++";
				CLANG_ENABLE_MODULES = YES;
				CLANG_ENABLE_OBJC_ARC = YES;
				CLANG_WARN_BOOL_CONVERSION = YES;
				CLANG_WARN_CONSTANT_CONVERSION = YES;
				CLANG_WARN_DIRECT_OBJC_ISA_USAGE = YES_ERROR;
				CLANG_WARN_EMPTY_BODY = YES;
				CLANG_WARN_ENUM_CONVERSION = YES;
				CLANG_WARN_INT_CONVERSION = YES;
				CLANG_WARN_OBJC_ROOT_CLASS = YES_ERROR;
				CLANG_WARN_UNREACHABLE_CODE = YES;
				CLANG_WARN__DUPLICATE_METHOD_MATCH = YES;
				"CODE_SIGN_IDENTITY[sdk=iphoneos*]" = "iPhone Developer";
				COPY_PHASE_STRIP = NO;
				DEBUG_INFORMATION_FORMAT = dwarf;
				ENABLE_STRICT_OBJC_MSGSEND = YES;
				ENABLE_TESTABILITY = YES;
				GCC_C_LANGUAGE_STANDARD = gnu99;
				GCC_DYNAMIC_NO_PIC = NO;
				GCC_NO_COMMON_BLOCKS = YES;
				GCC_OPTIMIZATION_LEVEL = 0;
				GCC_PREPROCESSOR_DEFINITIONS = (
					"DEBUG=1",
					"$(inherited)",
				);
				GCC_WARN_64_TO_32_BIT_CONVERSION = YES;
				GCC_WARN_ABOUT_RETURN_TYPE = YES_ERROR;
				GCC_WARN_UNDECLARED_SELECTOR = YES;
				GCC_WARN_UNINITIALIZED_AUTOS = YES_AGGRESSIVE;
				GCC_WARN_UNUSED_FUNCTION = YES;
				GCC_WARN_UNUSED_VARIABLE = YES;
				IPHONEOS_DEPLOYMENT_TARGET = 9.3;
				MTL_ENABLE_DEBUG_INFO = YES;
				ONLY_ACTIVE_ARCH = YES;
				SDKROOT = iphoneos;
				TARGETED_DEVICE_FAMILY = "1,2";
			};
			name = Debug;
		};
		0460E35E1D23C46600F9AD98 /* Release */ = {
			isa = XCBuildConfiguration;
			buildSettings = {
				ALWAYS_SEARCH_USER_PATHS = NO;
				CLANG_ANALYZER_NONNULL = YES;
				CLANG_CXX_LANGUAGE_STANDARD = "gnu++0x";
				CLANG_CXX_LIBRARY = "libc++";
				CLANG_ENABLE_MODULES = YES;
				CLANG_ENABLE_OBJC_ARC = YES;
				CLANG_WARN_BOOL_CONVERSION = YES;
				CLANG_WARN_CONSTANT_CONVERSION = YES;
				CLANG_WARN_DIRECT_OBJC_ISA_USAGE = YES_ERROR;
				CLANG_WARN_EMPTY_BODY = YES;
				CLANG_WARN_ENUM_CONVERSION = YES;
				CLANG_WARN_INT_CONVERSION = YES;
				CLANG_WARN_OBJC_ROOT_CLASS = YES_ERROR;
				CLANG_WARN_UNREACHABLE_CODE = YES;
				CLANG_WARN__DUPLICATE_METHOD_MATCH = YES;
				"CODE_SIGN_IDENTITY[sdk=iphoneos*]" = "iPhone Developer";
				COPY_PHASE_STRIP = NO;
				DEBUG_INFORMATION_FORMAT = "dwarf-with-dsym";
				ENABLE_NS_ASSERTIONS = NO;
				ENABLE_STRICT_OBJC_MSGSEND = YES;
				GCC_C_LANGUAGE_STANDARD = gnu99;
				GCC_NO_COMMON_BLOCKS = YES;
				GCC_WARN_64_TO_32_BIT_CONVERSION = YES;
				GCC_WARN_ABOUT_RETURN_TYPE = YES_ERROR;
				GCC_WARN_UNDECLARED_SELECTOR = YES;
				GCC_WARN_UNINITIALIZED_AUTOS = YES_AGGRESSIVE;
				GCC_WARN_UNUSED_FUNCTION = YES;
				GCC_WARN_UNUSED_VARIABLE = YES;
				IPHONEOS_DEPLOYMENT_TARGET = 9.3;
				MTL_ENABLE_DEBUG_INFO = NO;
				SDKROOT = iphoneos;
				TARGETED_DEVICE_FAMILY = "1,2";
				VALIDATE_PRODUCT = YES;
			};
			name = Release;
		};
		0460E3601D23C46600F9AD98 /* Debug */ = {
			isa = XCBuildConfiguration;
			buildSettings = {
				ASSETCATALOG_COMPILER_APPICON_NAME = AppIcon;
				INFOPLIST_FILE = "何末之/Info.plist";
				LD_RUNPATH_SEARCH_PATHS = "$(inherited) @executable_path/Frameworks";
				PRODUCT_BUNDLE_IDENTIFIER = "daoyu-jiaoyu.com.---";
				PRODUCT_NAME = "$(TARGET_NAME)";
			};
			name = Debug;
		};
		0460E3611D23C46600F9AD98 /* Release */ = {
			isa = XCBuildConfiguration;
			buildSettings = {
				ASSETCATALOG_COMPILER_APPICON_NAME = AppIcon;
				INFOPLIST_FILE = "何末之/Info.plist";
				LD_RUNPATH_SEARCH_PATHS = "$(inherited) @executable_path/Frameworks";
				PRODUCT_BUNDLE_IDENTIFIER = "daoyu-jiaoyu.com.---";
				PRODUCT_NAME = "$(TARGET_NAME)";
			};
			name = Release;
		};
		0460E3631D23C46600F9AD98 /* Debug */ = {
			isa = XCBuildConfiguration;
			buildSettings = {
				BUNDLE_LOADER = "$(TEST_HOST)";
				INFOPLIST_FILE = "何末之Tests/Info.plist";
				LD_RUNPATH_SEARCH_PATHS = "$(inherited) @executable_path/Frameworks @loader_path/Frameworks";
				PRODUCT_BUNDLE_IDENTIFIER = "daoyu-jiaoyu.com.---Tests";
				PRODUCT_NAME = "$(TARGET_NAME)";
				TEST_HOST = "$(BUILT_PRODUCTS_DIR)/何末之.app/何末之";
			};
			name = Debug;
		};
		0460E3641D23C46600F9AD98 /* Release */ = {
			isa = XCBuildConfiguration;
			buildSettings = {
				BUNDLE_LOADER = "$(TEST_HOST)";
				INFOPLIST_FILE = "何末之Tests/Info.plist";
				LD_RUNPATH_SEARCH_PATHS = "$(inherited) @executable_path/Frameworks @loader_path/Frameworks";
				PRODUCT_BUNDLE_IDENTIFIER = "daoyu-jiaoyu.com.---Tests";
				PRODUCT_NAME = "$(TARGET_NAME)";
				TEST_HOST = "$(BUILT_PRODUCTS_DIR)/何末之.app/何末之";
			};
			name = Release;
		};
		0460E3661D23C46600F9AD98 /* Debug */ = {
			isa = XCBuildConfiguration;
			buildSettings = {
				INFOPLIST_FILE = "何末之UITests/Info.plist";
				LD_RUNPATH_SEARCH_PATHS = "$(inherited) @executable_path/Frameworks @loader_path/Frameworks";
				PRODUCT_BUNDLE_IDENTIFIER = "daoyu-jiaoyu.com.---UITests";
				PRODUCT_NAME = "$(TARGET_NAME)";
				TEST_TARGET_NAME = "何末之";
			};
			name = Debug;
		};
		0460E3671D23C46600F9AD98 /* Release */ = {
			isa = XCBuildConfiguration;
			buildSettings = {
				INFOPLIST_FILE = "何末之UITests/Info.plist";
				LD_RUNPATH_SEARCH_PATHS = "$(inherited) @executable_path/Frameworks @loader_path/Frameworks";
				PRODUCT_BUNDLE_IDENTIFIER = "daoyu-jiaoyu.com.---UITests";
				PRODUCT_NAME = "$(TARGET_NAME)";
				TEST_TARGET_NAME = "何末之";
			};
			name = Release;
		};
/* End XCBuildConfiguration section */

/* Begin XCConfigurationList section */
		0460E32D1D23C46600F9AD98 /* Build configuration list for PBXProject "何末之" */ = {
			isa = XCConfigurationList;
			buildConfigurations = (
				0460E35D1D23C46600F9AD98 /* Debug */,
				0460E35E1D23C46600F9AD98 /* Release */,
			);
			defaultConfigurationIsVisible = 0;
			defaultConfigurationName = Release;
		};
		0460E35F1D23C46600F9AD98 /* Build configuration list for PBXNativeTarget "何末之" */ = {
			isa = XCConfigurationList;
			buildConfigurations = (
				0460E3601D23C46600F9AD98 /* Debug */,
				0460E3611D23C46600F9AD98 /* Release */,
			);
			defaultConfigurationIsVisible = 0;
		};
		0460E3621D23C46600F9AD98 /* Build configuration list for PBXNativeTarget "何末之Tests" */ = {
			isa = XCConfigurationList;
			buildConfigurations = (
				0460E3631D23C46600F9AD98 /* Debug */,
				0460E3641D23C46600F9AD98 /* Release */,
			);
			defaultConfigurationIsVisible = 0;
		};
		0460E3651D23C46600F9AD98 /* Build configuration list for PBXNativeTarget "何末之UITests" */ = {
			isa = XCConfigurationList;
			buildConfigurations = (
				0460E3661D23C46600F9AD98 /* Debug */,
				0460E3671D23C46600F9AD98 /* Release */,
			);
			defaultConfigurationIsVisible = 0;
		};
/* End XCConfigurationList section */
	};
	rootObject = 0460E32A1D23C46600F9AD98 /* Project object */;
}
